
Microsoft Visual Studio Solution File, Format Version 12.00
# Visual Studio Version 17
VisualStudioVersion = 17.13.35828.75 d17.13
MinimumVisualStudioVersion = 10.0.40219.1
Project("{FAE04EC0-301F-11D3-BF4B-00C04F79EFBC}") = "IMDBApi_Assignment3", "IMDBApi_Assignment3.csproj", "{7E730616-B208-4A3E-BCF6-EDB5BA73244F}"
EndProject
Global
	GlobalSection(SolutionConfigurationPlatforms) = preSolution
		Debug|Any CPU = Debug|Any CPU
		Release|Any CPU = Release|Any CPU
	EndGlobalSection
	GlobalSection(ProjectConfigurationPlatforms) = postSolution
		{7E730616-B208-4A3E-BCF6-EDB5BA73244F}.Debug|Any CPU.ActiveCfg = Debug|Any CPU
		{7E730616-B208-4A3E-BCF6-EDB5BA73244F}.Debug|Any CPU.Build.0 = Debug|Any CPU
		{7E730616-B208-4A3E-BCF6-EDB5BA73244F}.Release|Any CPU.ActiveCfg = Release|Any CPU
		{7E730616-B208-4A3E-BCF6-EDB5BA73244F}.Release|Any CPU.Build.0 = Release|Any CPU
	EndGlobalSection
	GlobalSection(SolutionProperties) = preSolution
		HideSolutionNode = FALSE
	EndGlobalSection
	GlobalSection(ExtensibilityGlobals) = postSolution
		SolutionGuid = {298F637F-50FC-42B7-8112-B2F64E2FCDFC}
	EndGlobalSection
EndGlobal
